{
  "name": "modelpact",
  "version": "0.0.0",
  "lockfileVersion": 3,
  "requires": true,
  "packages": {
    "": {
      "name": "modelpact",
      "version": "0.0.0",
      "license": "MIT",
      "devDependencies": {
        "@types/dom-chromium-ai": "^0.0.17"
      },
      "engines": {
        "node": ">=22"
      }
    },
    "node_modules/@types/dom-chromium-ai": {
      "version": "0.0.17",
      "resolved": "https://registry.npmjs.org/@types/dom-chromium-ai/-/dom-chromium-ai-0.0.17.tgz",
      "integrity": "sha512-UnSAIVKONaY2vTAM4TkPpwdKeGgg3tPCwNP3KxR+U8bLYC2rQU7UrgW9LIVx0B02dKZxuPA6a0Q5wvyW5Rk6nw==",
      "dev": true,
      "license": "MIT"
    }
  }
}
